PODS:
  - Alamofire (5.4.3)
  - Kingfisher (6.3.0)
  - SKActivityIndicatorView (1.0.0)

DEPENDENCIES:
  - Alamofire
  - Kingfisher
  - SKActivityIndicatorView

SPEC REPOS:
  trunk:
    - Alamofire
    - Kingfisher
    - SKActivityIndicatorView

SPEC CHECKSUMS:
  Alamofire: e447a2774a40c996748296fa2c55112fdbbc42f9
  Kingfisher: 6c3df386db71d82c0817a429d2c9421a77396529
  SKActivityIndicatorView: 81c123380127ad497f9b57cd4d11347e40ab3427

PODFILE CHECKSUM: 946a1730969525d09d58e6ff34aef4ea9a62b86d

COCOAPODS: 1.10.1
