// !$*UTF8*$!
{
	archiveVersion = 1;
	classes = {
	};
	objectVersion = 51;
	objects = {

/* Begin PBXBuildFile section */
		2C37E40B269F9B47004921D8 /* UITableView+Extensions.swift in Sources */ = {isa = PBXBuildFile; fileRef = 2C37E40A269F9B47004921D8 /* UITableView+Extensions.swift */; };
		2C37E40E269F9C75004921D8 /* TeamTableViewCell.swift in Sources */ = {isa = PBXBuildFile; fileRef = 2C37E40C269F9C75004921D8 /* TeamTableViewCell.swift */; };
		2C37E40F269F9C75004921D8 /* TeamTableViewCell.xib in Resources */ = {isa = PBXBuildFile; fileRef = 2C37E40D269F9C75004921D8 /* TeamTableViewCell.xib */; };
		2C37E411269FA186004921D8 /* TeamsEndpoint.swift in Sources */ = {isa = PBXBuildFile; fileRef = 2C37E410269FA186004921D8 /* TeamsEndpoint.swift */; };
		2C9C293026A0756500F57773 /* TeamDetailsViewController+Delegates.swift in Sources */ = {isa = PBXBuildFile; fileRef = 2C9C292826A0756500F57773 /* TeamDetailsViewController+Delegates.swift */; };
		2C9C293126A0756500F57773 /* TeamDetailsPresenter.swift in Sources */ = {isa = PBXBuildFile; fileRef = 2C9C292926A0756500F57773 /* TeamDetailsPresenter.swift */; };
		2C9C293226A0756500F57773 /* TeamDetailsRouter.swift in Sources */ = {isa = PBXBuildFile; fileRef = 2C9C292A26A0756500F57773 /* TeamDetailsRouter.swift */; };
		2C9C293326A0756500F57773 /* TeamDetailsViewController.swift in Sources */ = {isa = PBXBuildFile; fileRef = 2C9C292B26A0756500F57773 /* TeamDetailsViewController.swift */; };
		2C9C293426A0756500F57773 /* TeamDetailsProtocols.swift in Sources */ = {isa = PBXBuildFile; fileRef = 2C9C292C26A0756500F57773 /* TeamDetailsProtocols.swift */; };
		2C9C293526A0756500F57773 /* TeamDetailsInteractor.swift in Sources */ = {isa = PBXBuildFile; fileRef = 2C9C292D26A0756500F57773 /* TeamDetailsInteractor.swift */; };
		2C9C293626A0756500F57773 /* TeamDetailsModel.swift in Sources */ = {isa = PBXBuildFile; fileRef = 2C9C292E26A0756500F57773 /* TeamDetailsModel.swift */; };
		2C9C293726A0756500F57773 /* TeamDetailsViewController.xib in Resources */ = {isa = PBXBuildFile; fileRef = 2C9C292F26A0756500F57773 /* TeamDetailsViewController.xib */; };
		2C9C293926A07A6C00F57773 /* TeamDetailsEndpoint.swift in Sources */ = {isa = PBXBuildFile; fileRef = 2C9C293826A07A6C00F57773 /* TeamDetailsEndpoint.swift */; };
		2C9C294526A084AE00F57773 /* Reachability.swift in Sources */ = {isa = PBXBuildFile; fileRef = 2C9C294426A084AE00F57773 /* Reachability.swift */; };
		2CD642C2269F401E00D1AB70 /* AppDelegate.swift in Sources */ = {isa = PBXBuildFile; fileRef = 2CD642C1269F401E00D1AB70 /* AppDelegate.swift */; };
		2CD642C4269F401E00D1AB70 /* SceneDelegate.swift in Sources */ = {isa = PBXBuildFile; fileRef = 2CD642C3269F401E00D1AB70 /* SceneDelegate.swift */; };
		2CD642CB269F402000D1AB70 /* Assets.xcassets in Resources */ = {isa = PBXBuildFile; fileRef = 2CD642CA269F402000D1AB70 /* Assets.xcassets */; };
		2CD642CE269F402000D1AB70 /* LaunchScreen.storyboard in Resources */ = {isa = PBXBuildFile; fileRef = 2CD642CC269F402000D1AB70 /* LaunchScreen.storyboard */; };
		2CD642DA269F433B00D1AB70 /* Router.swift in Sources */ = {isa = PBXBuildFile; fileRef = 2CD642D9269F433B00D1AB70 /* Router.swift */; };
		2CD642DD269F446400D1AB70 /* NetworkError.swift in Sources */ = {isa = PBXBuildFile; fileRef = 2CD642DC269F446400D1AB70 /* NetworkError.swift */; };
		2CD642DF269F44D400D1AB70 /* Endpoint.swift in Sources */ = {isa = PBXBuildFile; fileRef = 2CD642DE269F44D400D1AB70 /* Endpoint.swift */; };
		2CD642E1269F44E700D1AB70 /* NetworkManager.swift in Sources */ = {isa = PBXBuildFile; fileRef = 2CD642E0269F44E700D1AB70 /* NetworkManager.swift */; };
		2CD642EF269F4E6900D1AB70 /* TeamsViewController+Delegates.swift in Sources */ = {isa = PBXBuildFile; fileRef = 2CD642E7269F4E6900D1AB70 /* TeamsViewController+Delegates.swift */; };
		2CD642F0269F4E6900D1AB70 /* TeamsPresenter.swift in Sources */ = {isa = PBXBuildFile; fileRef = 2CD642E8269F4E6900D1AB70 /* TeamsPresenter.swift */; };
		2CD642F1269F4E6900D1AB70 /* TeamsRouter.swift in Sources */ = {isa = PBXBuildFile; fileRef = 2CD642E9269F4E6900D1AB70 /* TeamsRouter.swift */; };
		2CD642F2269F4E6900D1AB70 /* TeamsViewController.swift in Sources */ = {isa = PBXBuildFile; fileRef = 2CD642EA269F4E6900D1AB70 /* TeamsViewController.swift */; };
		2CD642F3269F4E6900D1AB70 /* TeamsProtocols.swift in Sources */ = {isa = PBXBuildFile; fileRef = 2CD642EB269F4E6900D1AB70 /* TeamsProtocols.swift */; };
		2CD642F4269F4E6900D1AB70 /* TeamsInteractor.swift in Sources */ = {isa = PBXBuildFile; fileRef = 2CD642EC269F4E6900D1AB70 /* TeamsInteractor.swift */; };
		2CD642F5269F4E6900D1AB70 /* TeamsModel.swift in Sources */ = {isa = PBXBuildFile; fileRef = 2CD642ED269F4E6900D1AB70 /* TeamsModel.swift */; };
		2CD642F6269F4E6900D1AB70 /* TeamsViewController.xib in Resources */ = {isa = PBXBuildFile; fileRef = 2CD642EE269F4E6900D1AB70 /* TeamsViewController.xib */; };
		86E05519A2B3DE0A320F2025 /* Pods_Football_League.framework in Frameworks */ = {isa = PBXBuildFile; fileRef = 2C52A87DD07F665209EAF64B /* Pods_Football_League.framework */; };
/* End PBXBuildFile section */

/* Begin PBXFileReference section */
		2C37E40A269F9B47004921D8 /* UITableView+Extensions.swift */ = {isa = PBXFileReference; lastKnownFileType = sourcecode.swift; path = "UITableView+Extensions.swift"; sourceTree = "<group>"; };
		2C37E40C269F9C75004921D8 /* TeamTableViewCell.swift */ = {isa = PBXFileReference; lastKnownFileType = sourcecode.swift; path = TeamTableViewCell.swift; sourceTree = "<group>"; };
		2C37E40D269F9C75004921D8 /* TeamTableViewCell.xib */ = {isa = PBXFileReference; lastKnownFileType = file.xib; path = TeamTableViewCell.xib; sourceTree = "<group>"; };
		2C37E410269FA186004921D8 /* TeamsEndpoint.swift */ = {isa = PBXFileReference; lastKnownFileType = sourcecode.swift; path = TeamsEndpoint.swift; sourceTree = "<group>"; };
		2C52A87DD07F665209EAF64B /* Pods_Football_League.framework */ = {isa = PBXFileReference; explicitFileType = wrapper.framework; includeInIndex = 0; path = Pods_Football_League.framework; sourceTree = BUILT_PRODUCTS_DIR; };
		2C9C292826A0756500F57773 /* TeamDetailsViewController+Delegates.swift */ = {isa = PBXFileReference; lastKnownFileType = sourcecode.swift; path = "TeamDetailsViewController+Delegates.swift"; sourceTree = "<group>"; };
		2C9C292926A0756500F57773 /* TeamDetailsPresenter.swift */ = {isa = PBXFileReference; lastKnownFileType = sourcecode.swift; path = TeamDetailsPresenter.swift; sourceTree = "<group>"; };
		2C9C292A26A0756500F57773 /* TeamDetailsRouter.swift */ = {isa = PBXFileReference; lastKnownFileType = sourcecode.swift; path = TeamDetailsRouter.swift; sourceTree = "<group>"; };
		2C9C292B26A0756500F57773 /* TeamDetailsViewController.swift */ = {isa = PBXFileReference; lastKnownFileType = sourcecode.swift; path = TeamDetailsViewController.swift; sourceTree = "<group>"; };
		2C9C292C26A0756500F57773 /* TeamDetailsProtocols.swift */ = {isa = PBXFileReference; lastKnownFileType = sourcecode.swift; path = TeamDetailsProtocols.swift; sourceTree = "<group>"; };
		2C9C292D26A0756500F57773 /* TeamDetailsInteractor.swift */ = {isa = PBXFileReference; lastKnownFileType = sourcecode.swift; path = TeamDetailsInteractor.swift; sourceTree = "<group>"; };
		2C9C292E26A0756500F57773 /* TeamDetailsModel.swift */ = {isa = PBXFileReference; lastKnownFileType = sourcecode.swift; path = TeamDetailsModel.swift; sourceTree = "<group>"; };
		2C9C292F26A0756500F57773 /* TeamDetailsViewController.xib */ = {isa = PBXFileReference; lastKnownFileType = file.xib; path = TeamDetailsViewController.xib; sourceTree = "<group>"; };
		2C9C293826A07A6C00F57773 /* TeamDetailsEndpoint.swift */ = {isa = PBXFileReference; lastKnownFileType = sourcecode.swift; path = TeamDetailsEndpoint.swift; sourceTree = "<group>"; };
		2C9C294426A084AE00F57773 /* Reachability.swift */ = {isa = PBXFileReference; lastKnownFileType = sourcecode.swift; path = Reachability.swift; sourceTree = "<group>"; };
		2CD642BE269F401E00D1AB70 /* Football-League.app */ = {isa = PBXFileReference; explicitFileType = wrapper.application; includeInIndex = 0; path = "Football-League.app"; sourceTree = BUILT_PRODUCTS_DIR; };
		2CD642C1269F401E00D1AB70 /* AppDelegate.swift */ = {isa = PBXFileReference; lastKnownFileType = sourcecode.swift; path = AppDelegate.swift; sourceTree = "<group>"; };
		2CD642C3269F401E00D1AB70 /* SceneDelegate.swift */ = {isa = PBXFileReference; lastKnownFileType = sourcecode.swift; path = SceneDelegate.swift; sourceTree = "<group>"; };
		2CD642CA269F402000D1AB70 /* Assets.xcassets */ = {isa = PBXFileReference; lastKnownFileType = folder.assetcatalog; path = Assets.xcassets; sourceTree = "<group>"; };
		2CD642CD269F402000D1AB70 /* Base */ = {isa = PBXFileReference; lastKnownFileType = file.storyboard; name = Base; path = Base.lproj/LaunchScreen.storyboard; sourceTree = "<group>"; };
		2CD642CF269F402000D1AB70 /* Info.plist */ = {isa = PBXFileReference; lastKnownFileType = text.plist.xml; path = Info.plist; sourceTree = "<group>"; };
		2CD642D9269F433B00D1AB70 /* Router.swift */ = {isa = PBXFileReference; lastKnownFileType = sourcecode.swift; path = Router.swift; sourceTree = "<group>"; };
		2CD642DC269F446400D1AB70 /* NetworkError.swift */ = {isa = PBXFileReference; lastKnownFileType = sourcecode.swift; path = NetworkError.swift; sourceTree = "<group>"; };
		2CD642DE269F44D400D1AB70 /* Endpoint.swift */ = {isa = PBXFileReference; lastKnownFileType = sourcecode.swift; path = Endpoint.swift; sourceTree = "<group>"; };
		2CD642E0269F44E700D1AB70 /* NetworkManager.swift */ = {isa = PBXFileReference; lastKnownFileType = sourcecode.swift; path = NetworkManager.swift; sourceTree = "<group>"; };
		2CD642E7269F4E6900D1AB70 /* TeamsViewController+Delegates.swift */ = {isa = PBXFileReference; lastKnownFileType = sourcecode.swift; path = "TeamsViewController+Delegates.swift"; sourceTree = "<group>"; };
		2CD642E8269F4E6900D1AB70 /* TeamsPresenter.swift */ = {isa = PBXFileReference; lastKnownFileType = sourcecode.swift; path = TeamsPresenter.swift; sourceTree = "<group>"; };
		2CD642E9269F4E6900D1AB70 /* TeamsRouter.swift */ = {isa = PBXFileReference; lastKnownFileType = sourcecode.swift; path = TeamsRouter.swift; sourceTree = "<group>"; };
		2CD642EA269F4E6900D1AB70 /* TeamsViewController.swift */ = {isa = PBXFileReference; lastKnownFileType = sourcecode.swift; path = TeamsViewController.swift; sourceTree = "<group>"; };
		2CD642EB269F4E6900D1AB70 /* TeamsProtocols.swift */ = {isa = PBXFileReference; lastKnownFileType = sourcecode.swift; path = TeamsProtocols.swift; sourceTree = "<group>"; };
		2CD642EC269F4E6900D1AB70 /* TeamsInteractor.swift */ = {isa = PBXFileReference; lastKnownFileType = sourcecode.swift; path = TeamsInteractor.swift; sourceTree = "<group>"; };
		2CD642ED269F4E6900D1AB70 /* TeamsModel.swift */ = {isa = PBXFileReference; lastKnownFileType = sourcecode.swift; path = TeamsModel.swift; sourceTree = "<group>"; };
		2CD642EE269F4E6900D1AB70 /* TeamsViewController.xib */ = {isa = PBXFileReference; lastKnownFileType = file.xib; path = TeamsViewController.xib; sourceTree = "<group>"; };
		41C6DAE9E8EC2CA115B344BB /* Pods-Football-League.debug.xcconfig */ = {isa = PBXFileReference; includeInIndex = 1; lastKnownFileType = text.xcconfig; name = "Pods-Football-League.debug.xcconfig"; path = "Target Support Files/Pods-Football-League/Pods-Football-League.debug.xcconfig"; sourceTree = "<group>"; };
		FE443692FE895682C9F3A045 /* Pods-Football-League.release.xcconfig */ = {isa = PBXFileReference; includeInIndex = 1; lastKnownFileType = text.xcconfig; name = "Pods-Football-League.release.xcconfig"; path = "Target Support Files/Pods-Football-League/Pods-Football-League.release.xcconfig"; sourceTree = "<group>"; };
/* End PBXFileReference section */

/* Begin PBXFrameworksBuildPhase section */
		2CD642BB269F401E00D1AB70 /* Frameworks */ = {
			isa = PBXFrameworksBuildPhase;
			buildActionMask = 2147483647;
			files = (
				86E05519A2B3DE0A320F2025 /* Pods_Football_League.framework in Frameworks */,
			);
			runOnlyForDeploymentPostprocessing = 0;
		};
/* End PBXFrameworksBuildPhase section */

/* Begin PBXGroup section */
		0F7ED81AF31753606714F053 /* Pods */ = {
			isa = PBXGroup;
			children = (
				41C6DAE9E8EC2CA115B344BB /* Pods-Football-League.debug.xcconfig */,
				FE443692FE895682C9F3A045 /* Pods-Football-League.release.xcconfig */,
			);
			path = Pods;
			sourceTree = "<group>";
		};
		2C37E412269FAECB004921D8 /* SupportingFiles */ = {
			isa = PBXGroup;
			children = (
				2C9C294426A084AE00F57773 /* Reachability.swift */,
			);
			path = SupportingFiles;
			sourceTree = "<group>";
		};
		2C9C292726A0755300F57773 /* TeamDetails */ = {
			isa = PBXGroup;
			children = (
				2C9C292C26A0756500F57773 /* TeamDetailsProtocols.swift */,
				2C9C294326A082B300F57773 /* View */,
				2C9C294226A082AC00F57773 /* Interactor */,
				2C9C294126A082A700F57773 /* Presenter */,
				2C9C294026A082A100F57773 /* Entity */,
				2C9C293F26A0829A00F57773 /* Router */,
			);
			path = TeamDetails;
			sourceTree = "<group>";
		};
		2C9C293A26A0823300F57773 /* View */ = {
			isa = PBXGroup;
			children = (
				2CD642EE269F4E6900D1AB70 /* TeamsViewController.xib */,
				2C37E40D269F9C75004921D8 /* TeamTableViewCell.xib */,
				2CD642EA269F4E6900D1AB70 /* TeamsViewController.swift */,
				2C37E40C269F9C75004921D8 /* TeamTableViewCell.swift */,
				2CD642E7269F4E6900D1AB70 /* TeamsViewController+Delegates.swift */,
			);
			path = View;
			sourceTree = "<group>";
		};
		2C9C293B26A0823B00F57773 /* Presenter */ = {
			isa = PBXGroup;
			children = (
				2CD642E8269F4E6900D1AB70 /* TeamsPresenter.swift */,
			);
			path = Presenter;
			sourceTree = "<group>";
		};
		2C9C293C26A0824000F57773 /* Router */ = {
			isa = PBXGroup;
			children = (
				2CD642E9269F4E6900D1AB70 /* TeamsRouter.swift */,
			);
			path = Router;
			sourceTree = "<group>";
		};
		2C9C293D26A0824400F57773 /* Interactor */ = {
			isa = PBXGroup;
			children = (
				2C37E410269FA186004921D8 /* TeamsEndpoint.swift */,
				2CD642EC269F4E6900D1AB70 /* TeamsInteractor.swift */,
			);
			path = Interactor;
			sourceTree = "<group>";
		};
		2C9C293E26A0824B00F57773 /* Entity */ = {
			isa = PBXGroup;
			children = (
				2CD642ED269F4E6900D1AB70 /* TeamsModel.swift */,
			);
			path = Entity;
			sourceTree = "<group>";
		};
		2C9C293F26A0829A00F57773 /* Router */ = {
			isa = PBXGroup;
			children = (
				2C9C292A26A0756500F57773 /* TeamDetailsRouter.swift */,
			);
			path = Router;
			sourceTree = "<group>";
		};
		2C9C294026A082A100F57773 /* Entity */ = {
			isa = PBXGroup;
			children = (
				2C9C292E26A0756500F57773 /* TeamDetailsModel.swift */,
			);
			path = Entity;
			sourceTree = "<group>";
		};
		2C9C294126A082A700F57773 /* Presenter */ = {
			isa = PBXGroup;
			children = (
				2C9C292926A0756500F57773 /* TeamDetailsPresenter.swift */,
			);
			path = Presenter;
			sourceTree = "<group>";
		};
		2C9C294226A082AC00F57773 /* Interactor */ = {
			isa = PBXGroup;
			children = (
				2C9C293826A07A6C00F57773 /* TeamDetailsEndpoint.swift */,
				2C9C292D26A0756500F57773 /* TeamDetailsInteractor.swift */,
			);
			path = Interactor;
			sourceTree = "<group>";
		};
		2C9C294326A082B300F57773 /* View */ = {
			isa = PBXGroup;
			children = (
				2C9C292F26A0756500F57773 /* TeamDetailsViewController.xib */,
				2C9C292B26A0756500F57773 /* TeamDetailsViewController.swift */,
				2C9C292826A0756500F57773 /* TeamDetailsViewController+Delegates.swift */,
			);
			path = View;
			sourceTree = "<group>";
		};
		2CD642B5269F401E00D1AB70 = {
			isa = PBXGroup;
			children = (
				2CD642C0269F401E00D1AB70 /* Football-League */,
				2CD642BF269F401E00D1AB70 /* Products */,
				0F7ED81AF31753606714F053 /* Pods */,
				663B643EC5285F4179369B8D /* Frameworks */,
			);
			sourceTree = "<group>";
		};
		2CD642BF269F401E00D1AB70 /* Products */ = {
			isa = PBXGroup;
			children = (
				2CD642BE269F401E00D1AB70 /* Football-League.app */,
			);
			name = Products;
			sourceTree = "<group>";
		};
		2CD642C0269F401E00D1AB70 /* Football-League */ = {
			isa = PBXGroup;
			children = (
				2CD642D6269F42E000D1AB70 /* Common */,
				2CD642D5269F42D900D1AB70 /* Modules */,
			);
			path = "Football-League";
			sourceTree = "<group>";
		};
		2CD642D5269F42D900D1AB70 /* Modules */ = {
			isa = PBXGroup;
			children = (
				2CD642E6269F4DD000D1AB70 /* Teams */,
				2C9C292726A0755300F57773 /* TeamDetails */,
			);
			path = Modules;
			sourceTree = "<group>";
		};
		2CD642D6269F42E000D1AB70 /* Common */ = {
			isa = PBXGroup;
			children = (
				2CD642E3269F491A00D1AB70 /* App */,
				2CD642E2269F490000D1AB70 /* Configuration */,
				2CD642E5269F492900D1AB70 /* Extensions */,
				2C37E412269FAECB004921D8 /* SupportingFiles */,
				2CD642E4269F492400D1AB70 /* Resources */,
				2CD642D7269F42EC00D1AB70 /* Externals */,
			);
			path = Common;
			sourceTree = "<group>";
		};
		2CD642D7269F42EC00D1AB70 /* Externals */ = {
			isa = PBXGroup;
			children = (
				2CD642DB269F43D400D1AB70 /* Network */,
				2CD642D8269F432600D1AB70 /* Router */,
			);
			path = Externals;
			sourceTree = "<group>";
		};
		2CD642D8269F432600D1AB70 /* Router */ = {
			isa = PBXGroup;
			children = (
				2CD642D9269F433B00D1AB70 /* Router.swift */,
			);
			path = Router;
			sourceTree = "<group>";
		};
		2CD642DB269F43D400D1AB70 /* Network */ = {
			isa = PBXGroup;
			children = (
				2CD642DC269F446400D1AB70 /* NetworkError.swift */,
				2CD642DE269F44D400D1AB70 /* Endpoint.swift */,
				2CD642E0269F44E700D1AB70 /* NetworkManager.swift */,
			);
			path = Network;
			sourceTree = "<group>";
		};
		2CD642E2269F490000D1AB70 /* Configuration */ = {
			isa = PBXGroup;
			children = (
				2CD642CF269F402000D1AB70 /* Info.plist */,
			);
			path = Configuration;
			sourceTree = "<group>";
		};
		2CD642E3269F491A00D1AB70 /* App */ = {
			isa = PBXGroup;
			children = (
				2CD642C1269F401E00D1AB70 /* AppDelegate.swift */,
				2CD642C3269F401E00D1AB70 /* SceneDelegate.swift */,
			);
			path = App;
			sourceTree = "<group>";
		};
		2CD642E4269F492400D1AB70 /* Resources */ = {
			isa = PBXGroup;
			children = (
				2CD642CA269F402000D1AB70 /* Assets.xcassets */,
				2CD642CC269F402000D1AB70 /* LaunchScreen.storyboard */,
			);
			path = Resources;
			sourceTree = "<group>";
		};
		2CD642E5269F492900D1AB70 /* Extensions */ = {
			isa = PBXGroup;
			children = (
				2C37E40A269F9B47004921D8 /* UITableView+Extensions.swift */,
			);
			path = Extensions;
			sourceTree = "<group>";
		};
		2CD642E6269F4DD000D1AB70 /* Teams */ = {
			isa = PBXGroup;
			children = (
				2CD642EB269F4E6900D1AB70 /* TeamsProtocols.swift */,
				2C9C293A26A0823300F57773 /* View */,
				2C9C293D26A0824400F57773 /* Interactor */,
				2C9C293B26A0823B00F57773 /* Presenter */,
				2C9C293E26A0824B00F57773 /* Entity */,
				2C9C293C26A0824000F57773 /* Router */,
			);
			path = Teams;
			sourceTree = "<group>";
		};
		663B643EC5285F4179369B8D /* Frameworks */ = {
			isa = PBXGroup;
			children = (
				2C52A87DD07F665209EAF64B /* Pods_Football_League.framework */,
			);
			name = Frameworks;
			sourceTree = "<group>";
		};
/* End PBXGroup section */

/* Begin PBXNativeTarget section */
		2CD642BD269F401E00D1AB70 /* Football-League */ = {
			isa = PBXNativeTarget;
			buildConfigurationList = 2CD642D2269F402000D1AB70 /* Build configuration list for PBXNativeTarget "Football-League" */;
			buildPhases = (
				F49869444F0E5A85BFABDE8E /* [CP] Check Pods Manifest.lock */,
				2CD642BA269F401E00D1AB70 /* Sources */,
				2CD642BB269F401E00D1AB70 /* Frameworks */,
				2CD642BC269F401E00D1AB70 /* Resources */,
				C2604A6631BA9C014DACA01F /* [CP] Embed Pods Frameworks */,
			);
			buildRules = (
			);
			dependencies = (
			);
			name = "Football-League";
			productName = "Football-League";
			productReference = 2CD642BE269F401E00D1AB70 /* Football-League.app */;
			productType = "com.apple.product-type.application";
		};
/* End PBXNativeTarget section */

/* Begin PBXProject section */
		2CD642B6269F401E00D1AB70 /* Project object */ = {
			isa = PBXProject;
			attributes = {
				LastSwiftUpdateCheck = 1250;
				LastUpgradeCheck = 1250;
				TargetAttributes = {
					2CD642BD269F401E00D1AB70 = {
						CreatedOnToolsVersion = 12.5;
					};
				};
			};
			buildConfigurationList = 2CD642B9269F401E00D1AB70 /* Build configuration list for PBXProject "Football-League" */;
			compatibilityVersion = "Xcode 9.3";
			developmentRegion = en;
			hasScannedForEncodings = 0;
			knownRegions = (
				en,
				Base,
			);
			mainGroup = 2CD642B5269F401E00D1AB70;
			productRefGroup = 2CD642BF269F401E00D1AB70 /* Products */;
			projectDirPath = "";
			projectRoot = "";
			targets = (
				2CD642BD269F401E00D1AB70 /* Football-League */,
			);
		};
/* End PBXProject section */

/* Begin PBXResourcesBuildPhase section */
		2CD642BC269F401E00D1AB70 /* Resources */ = {
			isa = PBXResourcesBuildPhase;
			buildActionMask = 2147483647;
			files = (
				2C37E40F269F9C75004921D8 /* TeamTableViewCell.xib in Resources */,
				2C9C293726A0756500F57773 /* TeamDetailsViewController.xib in Resources */,
				2CD642CE269F402000D1AB70 /* LaunchScreen.storyboard in Resources */,
				2CD642CB269F402000D1AB70 /* Assets.xcassets in Resources */,
				2CD642F6269F4E6900D1AB70 /* TeamsViewController.xib in Resources */,
			);
			runOnlyForDeploymentPostprocessing = 0;
		};
/* End PBXResourcesBuildPhase section */

/* Begin PBXShellScriptBuildPhase section */
		C2604A6631BA9C014DACA01F /* [CP] Embed Pods Frameworks */ = {
			isa = PBXShellScriptBuildPhase;
			buildActionMask = 2147483647;
			files = (
			);
			inputFileListPaths = (
				"${PODS_ROOT}/Target Support Files/Pods-Football-League/Pods-Football-League-frameworks-${CONFIGURATION}-input-files.xcfilelist",
			);
			name = "[CP] Embed Pods Frameworks";
			outputFileListPaths = (
				"${PODS_ROOT}/Target Support Files/Pods-Football-League/Pods-Football-League-frameworks-${CONFIGURATION}-output-files.xcfilelist",
			);
			runOnlyForDeploymentPostprocessing = 0;
			shellPath = /bin/sh;
			shellScript = "\"${PODS_ROOT}/Target Support Files/Pods-Football-League/Pods-Football-League-frameworks.sh\"\n";
			showEnvVarsInLog = 0;
		};
		F49869444F0E5A85BFABDE8E /* [CP] Check Pods Manifest.lock */ = {
			isa = PBXShellScriptBuildPhase;
			buildActionMask = 2147483647;
			files = (
			);
			inputFileListPaths = (
			);
			inputPaths = (
				"${PODS_PODFILE_DIR_PATH}/Podfile.lock",
				"${PODS_ROOT}/Manifest.lock",
			);
			name = "[CP] Check Pods Manifest.lock";
			outputFileListPaths = (
			);
			outputPaths = (
				"$(DERIVED_FILE_DIR)/Pods-Football-League-checkManifestLockResult.txt",
			);
			runOnlyForDeploymentPostprocessing = 0;
			shellPath = /bin/sh;
			shellScript = "diff \"${PODS_PODFILE_DIR_PATH}/Podfile.lock\" \"${PODS_ROOT}/Manifest.lock\" > /dev/null\nif [ $? != 0 ] ; then\n    # print error to STDERR\n    echo \"error: The sandbox is not in sync with the Podfile.lock. Run 'pod install' or update your CocoaPods installation.\" >&2\n    exit 1\nfi\n# This output is used by Xcode 'outputs' to avoid re-running this script phase.\necho \"SUCCESS\" > \"${SCRIPT_OUTPUT_FILE_0}\"\n";
			showEnvVarsInLog = 0;
		};
/* End PBXShellScriptBuildPhase section */

/* Begin PBXSourcesBuildPhase section */
		2CD642BA269F401E00D1AB70 /* Sources */ = {
			isa = PBXSourcesBuildPhase;
			buildActionMask = 2147483647;
			files = (
				2CD642DA269F433B00D1AB70 /* Router.swift in Sources */,
				2C9C293026A0756500F57773 /* TeamDetailsViewController+Delegates.swift in Sources */,
				2C37E40E269F9C75004921D8 /* TeamTableViewCell.swift in Sources */,
				2C37E40B269F9B47004921D8 /* UITableView+Extensions.swift in Sources */,
				2CD642F0269F4E6900D1AB70 /* TeamsPresenter.swift in Sources */,
				2CD642C2269F401E00D1AB70 /* AppDelegate.swift in Sources */,
				2C9C293526A0756500F57773 /* TeamDetailsInteractor.swift in Sources */,
				2C9C293226A0756500F57773 /* TeamDetailsRouter.swift in Sources */,
				2C9C293426A0756500F57773 /* TeamDetailsProtocols.swift in Sources */,
				2CD642F3269F4E6900D1AB70 /* TeamsProtocols.swift in Sources */,
				2C9C293926A07A6C00F57773 /* TeamDetailsEndpoint.swift in Sources */,
				2CD642F2269F4E6900D1AB70 /* TeamsViewController.swift in Sources */,
				2CD642E1269F44E700D1AB70 /* NetworkManager.swift in Sources */,
				2CD642C4269F401E00D1AB70 /* SceneDelegate.swift in Sources */,
				2C9C293126A0756500F57773 /* TeamDetailsPresenter.swift in Sources */,
				2C37E411269FA186004921D8 /* TeamsEndpoint.swift in Sources */,
				2C9C293626A0756500F57773 /* TeamDetailsModel.swift in Sources */,
				2CD642DF269F44D400D1AB70 /* Endpoint.swift in Sources */,
				2CD642EF269F4E6900D1AB70 /* TeamsViewController+Delegates.swift in Sources */,
				2CD642F4269F4E6900D1AB70 /* TeamsInteractor.swift in Sources */,
				2CD642F5269F4E6900D1AB70 /* TeamsModel.swift in Sources */,
				2CD642F1269F4E6900D1AB70 /* TeamsRouter.swift in Sources */,
				2C9C293326A0756500F57773 /* TeamDetailsViewController.swift in Sources */,
				2C9C294526A084AE00F57773 /* Reachability.swift in Sources */,
				2CD642DD269F446400D1AB70 /* NetworkError.swift in Sources */,
			);
			runOnlyForDeploymentPostprocessing = 0;
		};
/* End PBXSourcesBuildPhase section */

/* Begin PBXVariantGroup section */
		2CD642CC269F402000D1AB70 /* LaunchScreen.storyboard */ = {
			isa = PBXVariantGroup;
			children = (
				2CD642CD269F402000D1AB70 /* Base */,
			);
			name = LaunchScreen.storyboard;
			sourceTree = "<group>";
		};
/* End PBXVariantGroup section */

/* Begin XCBuildConfiguration section */
		2CD642D0269F402000D1AB70 /* Debug */ = {
			isa = XCBuildConfiguration;
			buildSettings = {
				ALWAYS_SEARCH_USER_PATHS = NO;
				CLANG_ANALYZER_NONNULL = YES;
				CLANG_ANALYZER_NUMBER_OBJECT_CONVERSION = YES_AGGRESSIVE;
				CLANG_CXX_LANGUAGE_STANDARD = "gnu++14";
				CLANG_CXX_LIBRARY = "libc++";
				CLANG_ENABLE_MODULES = YES;
				CLANG_ENABLE_OBJC_ARC = YES;
				CLANG_ENABLE_OBJC_WEAK = YES;
				CLANG_WARN_BLOCK_CAPTURE_AUTORELEASING = YES;
				CLANG_WARN_BOOL_CONVERSION = YES;
				CLANG_WARN_COMMA = YES;
				CLANG_WARN_CONSTANT_CONVERSION = YES;
				CLANG_WARN_DEPRECATED_OBJC_IMPLEMENTATIONS = YES;
				CLANG_WARN_DIRECT_OBJC_ISA_USAGE = YES_ERROR;
				CLANG_WARN_DOCUMENTATION_COMMENTS = YES;
				CLANG_WARN_EMPTY_BODY = YES;
				CLANG_WARN_ENUM_CONVERSION = YES;
				CLANG_WARN_INFINITE_RECURSION = YES;
				CLANG_WARN_INT_CONVERSION = YES;
				CLANG_WARN_NON_LITERAL_NULL_CONVERSION = YES;
				CLANG_WARN_OBJC_IMPLICIT_RETAIN_SELF = YES;
				CLANG_WARN_OBJC_LITERAL_CONVERSION = YES;
				CLANG_WARN_OBJC_ROOT_CLASS = YES_ERROR;
				CLANG_WARN_QUOTED_INCLUDE_IN_FRAMEWORK_HEADER = YES;
				CLANG_WARN_RANGE_LOOP_ANALYSIS = YES;
				CLANG_WARN_STRICT_PROTOTYPES = YES;
				CLANG_WARN_SUSPICIOUS_MOVE = YES;
				CLANG_WARN_UNGUARDED_AVAILABILITY = YES_AGGRESSIVE;
				CLANG_WARN_UNREACHABLE_CODE = YES;
				CLANG_WARN__DUPLICATE_METHOD_MATCH = YES;
				COPY_PHASE_STRIP = NO;
				DEBUG_INFORMATION_FORMAT = dwarf;
				ENABLE_STRICT_OBJC_MSGSEND = YES;
				ENABLE_TESTABILITY = YES;
				GCC_C_LANGUAGE_STANDARD = gnu11;
				GCC_DYNAMIC_NO_PIC = NO;
				GCC_NO_COMMON_BLOCKS = YES;
				GCC_OPTIMIZATION_LEVEL = 0;
				GCC_PREPROCESSOR_DEFINITIONS = (
					"DEBUG=1",
					"$(inherited)",
				);
				GCC_WARN_64_TO_32_BIT_CONVERSION = YES;
				GCC_WARN_ABOUT_RETURN_TYPE = YES_ERROR;
				GCC_WARN_UNDECLARED_SELECTOR = YES;
				GCC_WARN_UNINITIALIZED_AUTOS = YES_AGGRESSIVE;
				GCC_WARN_UNUSED_FUNCTION = YES;
				GCC_WARN_UNUSED_VARIABLE = YES;
				IPHONEOS_DEPLOYMENT_TARGET = 14.5;
				MTL_ENABLE_DEBUG_INFO = INCLUDE_SOURCE;
				MTL_FAST_MATH = YES;
				ONLY_ACTIVE_ARCH = YES;
				SDKROOT = iphoneos;
				SWIFT_ACTIVE_COMPILATION_CONDITIONS = DEBUG;
				SWIFT_OPTIMIZATION_LEVEL = "-Onone";
			};
			name = Debug;
		};
		2CD642D1269F402000D1AB70 /* Release */ = {
			isa = XCBuildConfiguration;
			buildSettings = {
				ALWAYS_SEARCH_USER_PATHS = NO;
				CLANG_ANALYZER_NONNULL = YES;
				CLANG_ANALYZER_NUMBER_OBJECT_CONVERSION = YES_AGGRESSIVE;
				CLANG_CXX_LANGUAGE_STANDARD = "gnu++14";
				CLANG_CXX_LIBRARY = "libc++";
				CLANG_ENABLE_MODULES = YES;
				CLANG_ENABLE_OBJC_ARC = YES;
				CLANG_ENABLE_OBJC_WEAK = YES;
				CLANG_WARN_BLOCK_CAPTURE_AUTORELEASING = YES;
				CLANG_WARN_BOOL_CONVERSION = YES;
				CLANG_WARN_COMMA = YES;
				CLANG_WARN_CONSTANT_CONVERSION = YES;
				CLANG_WARN_DEPRECATED_OBJC_IMPLEMENTATIONS = YES;
				CLANG_WARN_DIRECT_OBJC_ISA_USAGE = YES_ERROR;
				CLANG_WARN_DOCUMENTATION_COMMENTS = YES;
				CLANG_WARN_EMPTY_BODY = YES;
				CLANG_WARN_ENUM_CONVERSION = YES;
				CLANG_WARN_INFINITE_RECURSION = YES;
				CLANG_WARN_INT_CONVERSION = YES;
				CLANG_WARN_NON_LITERAL_NULL_CONVERSION = YES;
				CLANG_WARN_OBJC_IMPLICIT_RETAIN_SELF = YES;
				CLANG_WARN_OBJC_LITERAL_CONVERSION = YES;
				CLANG_WARN_OBJC_ROOT_CLASS = YES_ERROR;
				CLANG_WARN_QUOTED_INCLUDE_IN_FRAMEWORK_HEADER = YES;
				CLANG_WARN_RANGE_LOOP_ANALYSIS = YES;
				CLANG_WARN_STRICT_PROTOTYPES = YES;
				CLANG_WARN_SUSPICIOUS_MOVE = YES;
				CLANG_WARN_UNGUARDED_AVAILABILITY = YES_AGGRESSIVE;
				CLANG_WARN_UNREACHABLE_CODE = YES;
				CLANG_WARN__DUPLICATE_METHOD_MATCH = YES;
				COPY_PHASE_STRIP = NO;
				DEBUG_INFORMATION_FORMAT = "dwarf-with-dsym";
				ENABLE_NS_ASSERTIONS = NO;
				ENABLE_STRICT_OBJC_MSGSEND = YES;
				GCC_C_LANGUAGE_STANDARD = gnu11;
				GCC_NO_COMMON_BLOCKS = YES;
				GCC_WARN_64_TO_32_BIT_CONVERSION = YES;
				GCC_WARN_ABOUT_RETURN_TYPE = YES_ERROR;
				GCC_WARN_UNDECLARED_SELECTOR = YES;
				GCC_WARN_UNINITIALIZED_AUTOS = YES_AGGRESSIVE;
				GCC_WARN_UNUSED_FUNCTION = YES;
				GCC_WARN_UNUSED_VARIABLE = YES;
				IPHONEOS_DEPLOYMENT_TARGET = 14.5;
				MTL_ENABLE_DEBUG_INFO = NO;
				MTL_FAST_MATH = YES;
				SDKROOT = iphoneos;
				SWIFT_COMPILATION_MODE = wholemodule;
				SWIFT_OPTIMIZATION_LEVEL = "-O";
				VALIDATE_PRODUCT = YES;
			};
			name = Release;
		};
		2CD642D3269F402000D1AB70 /* Debug */ = {
			isa = XCBuildConfiguration;
			baseConfigurationReference = 41C6DAE9E8EC2CA115B344BB /* Pods-Football-League.debug.xcconfig */;
			buildSettings = {
				ASSETCATALOG_COMPILER_APPICON_NAME = AppIcon;
				ASSETCATALOG_COMPILER_GLOBAL_ACCENT_COLOR_NAME = AccentColor;
				CODE_SIGN_STYLE = Automatic;
				DEVELOPMENT_TEAM = 7YM9Q56F5D;
				INFOPLIST_FILE = "$(SRCROOT)/Football-League/Common/Configuration/Info.plist";
				IPHONEOS_DEPLOYMENT_TARGET = 13.0;
				LD_RUNPATH_SEARCH_PATHS = (
					"$(inherited)",
					"@executable_path/Frameworks",
				);
				PRODUCT_BUNDLE_IDENTIFIER = "com.ramzy.Football-League";
				PRODUCT_NAME = "$(TARGET_NAME)";
				SWIFT_VERSION = 5.0;
				TARGETED_DEVICE_FAMILY = 1;
			};
			name = Debug;
		};
		2CD642D4269F402000D1AB70 /* Release */ = {
			isa = XCBuildConfiguration;
			baseConfigurationReference = FE443692FE895682C9F3A045 /* Pods-Football-League.release.xcconfig */;
			buildSettings = {
				ASSETCATALOG_COMPILER_APPICON_NAME = AppIcon;
				ASSETCATALOG_COMPILER_GLOBAL_ACCENT_COLOR_NAME = AccentColor;
				CODE_SIGN_STYLE = Automatic;
				DEVELOPMENT_TEAM = 7YM9Q56F5D;
				INFOPLIST_FILE = "$(SRCROOT)/Football-League/Common/Configuration/Info.plist";
				IPHONEOS_DEPLOYMENT_TARGET = 13.0;
				LD_RUNPATH_SEARCH_PATHS = (
					"$(inherited)",
					"@executable_path/Frameworks",
				);
				PRODUCT_BUNDLE_IDENTIFIER = "com.ramzy.Football-League";
				PRODUCT_NAME = "$(TARGET_NAME)";
				SWIFT_VERSION = 5.0;
				TARGETED_DEVICE_FAMILY = 1;
			};
			name = Release;
		};
/* End XCBuildConfiguration section */

/* Begin XCConfigurationList section */
		2CD642B9269F401E00D1AB70 /* Build configuration list for PBXProject "Football-League" */ = {
			isa = XCConfigurationList;
			buildConfigurations = (
				2CD642D0269F402000D1AB70 /* Debug */,
				2CD642D1269F402000D1AB70 /* Release */,
			);
			defaultConfigurationIsVisible = 0;
			defaultConfigurationName = Release;
		};
		2CD642D2269F402000D1AB70 /* Build configuration list for PBXNativeTarget "Football-League" */ = {
			isa = XCConfigurationList;
			buildConfigurations = (
				2CD642D3269F402000D1AB70 /* Debug */,
				2CD642D4269F402000D1AB70 /* Release */,
			);
			defaultConfigurationIsVisible = 0;
			defaultConfigurationName = Release;
		};
/* End XCConfigurationList section */
	};
	rootObject = 2CD642B6269F401E00D1AB70 /* Project object */;
}
